
Microsoft Visual Studio Solution File, Format Version 12.00
# Visual Studio Version 16
VisualStudioVersion = 16.0.29009.5
MinimumVisualStudioVersion = 10.0.40219.1
Project("{9A19103F-16F7-4668-BE54-9A1E7A4F7556}") = "MutationTesting.Core", "MutationTesting.Core\MutationTesting.Core.csproj", "{B1DD3F77-D80A-4DA9-A834-FAE961B3A3B8}"
EndProject
Project("{9A19103F-16F7-4668-BE54-9A1E7A4F7556}") = "MutationTesting.Core.Tests", "MutationTesting.Core.Tests\MutationTesting.Core.Tests.csproj", "{CAEAA8D0-F21D-4EE2-B28D-DF1D60FE9077}"
EndProject
Project("{9A19103F-16F7-4668-BE54-9A1E7A4F7556}") = "MutationTesting.CLI", "MutationTesting.CLI\MutationTesting.CLI.csproj", "{77C7A8E6-EDC4-4A1E-B217-D82F086DC086}"
EndProject
Global
	GlobalSection(SolutionConfigurationPlatforms) = preSolution
		Debug|Any CPU = Debug|Any CPU
		Release|Any CPU = Release|Any CPU
	EndGlobalSection
	GlobalSection(ProjectConfigurationPlatforms) = postSolution
		{B1DD3F77-D80A-4DA9-A834-FAE961B3A3B8}.Debug|Any CPU.ActiveCfg = Debug|Any CPU
		{B1DD3F77-D80A-4DA9-A834-FAE961B3A3B8}.Debug|Any CPU.Build.0 = Debug|Any CPU
		{B1DD3F77-D80A-4DA9-A834-FAE961B3A3B8}.Release|Any CPU.ActiveCfg = Release|Any CPU
		{B1DD3F77-D80A-4DA9-A834-FAE961B3A3B8}.Release|Any CPU.Build.0 = Release|Any CPU
		{CAEAA8D0-F21D-4EE2-B28D-DF1D60FE9077}.Debug|Any CPU.ActiveCfg = Debug|Any CPU
		{CAEAA8D0-F21D-4EE2-B28D-DF1D60FE9077}.Debug|Any CPU.Build.0 = Debug|Any CPU
		{CAEAA8D0-F21D-4EE2-B28D-DF1D60FE9077}.Release|Any CPU.ActiveCfg = Release|Any CPU
		{CAEAA8D0-F21D-4EE2-B28D-DF1D60FE9077}.Release|Any CPU.Build.0 = Release|Any CPU
		{77C7A8E6-EDC4-4A1E-B217-D82F086DC086}.Debug|Any CPU.ActiveCfg = Debug|Any CPU
		{77C7A8E6-EDC4-4A1E-B217-D82F086DC086}.Debug|Any CPU.Build.0 = Debug|Any CPU
		{77C7A8E6-EDC4-4A1E-B217-D82F086DC086}.Release|Any CPU.ActiveCfg = Release|Any CPU
		{77C7A8E6-EDC4-4A1E-B217-D82F086DC086}.Release|Any CPU.Build.0 = Release|Any CPU
	EndGlobalSection
	GlobalSection(SolutionProperties) = preSolution
		HideSolutionNode = FALSE
	EndGlobalSection
	GlobalSection(ExtensibilityGlobals) = postSolution
		SolutionGuid = {3D74A79D-5BD6-4E1D-9F3C-C4AA7DA5F91E}
	EndGlobalSection
EndGlobal
